
Microsoft Visual Studio Solution File, Format Version 12.00
# Visual Studio Version 16
VisualStudioVersion = 16.0.30804.86
MinimumVisualStudioVersion = 10.0.40219.1
Project("{9A19103F-16F7-4668-BE54-9A1E7A4F7556}") = "StudentMentor.Web", "StudentMentor.Web\StudentMentor.Web.csproj", "{8D458C97-51F1-47CB-8DBF-E7C153E28C8D}"
EndProject
Project("{9A19103F-16F7-4668-BE54-9A1E7A4F7556}") = "StudentMentor.Domain", "StudentMentor.Domain\StudentMentor.Domain.csproj", "{2CDEC244-E419-4324-8C88-B1DE0B080B60}"
EndProject
Project("{9A19103F-16F7-4668-BE54-9A1E7A4F7556}") = "StudentMentor.Data", "StudentMentor.Data\StudentMentor.Data.csproj", "{2A8754DC-5B61-46F0-9E58-ED47030652BA}"
EndProject
Global
	GlobalSection(SolutionConfigurationPlatforms) = preSolution
		Debug|Any CPU = Debug|Any CPU
		Release|Any CPU = Release|Any CPU
	EndGlobalSection
	GlobalSection(ProjectConfigurationPlatforms) = postSolution
		{8D458C97-51F1-47CB-8DBF-E7C153E28C8D}.Debug|Any CPU.ActiveCfg = Debug|Any CPU
		{8D458C97-51F1-47CB-8DBF-E7C153E28C8D}.Debug|Any CPU.Build.0 = Debug|Any CPU
		{8D458C97-51F1-47CB-8DBF-E7C153E28C8D}.Release|Any CPU.ActiveCfg = Release|Any CPU
		{8D458C97-51F1-47CB-8DBF-E7C153E28C8D}.Release|Any CPU.Build.0 = Release|Any CPU
		{2CDEC244-E419-4324-8C88-B1DE0B080B60}.Debug|Any CPU.ActiveCfg = Debug|Any CPU
		{2CDEC244-E419-4324-8C88-B1DE0B080B60}.Debug|Any CPU.Build.0 = Debug|Any CPU
		{2CDEC244-E419-4324-8C88-B1DE0B080B60}.Release|Any CPU.ActiveCfg = Release|Any CPU
		{2CDEC244-E419-4324-8C88-B1DE0B080B60}.Release|Any CPU.Build.0 = Release|Any CPU
		{2A8754DC-5B61-46F0-9E58-ED47030652BA}.Debug|Any CPU.ActiveCfg = Debug|Any CPU
		{2A8754DC-5B61-46F0-9E58-ED47030652BA}.Debug|Any CPU.Build.0 = Debug|Any CPU
		{2A8754DC-5B61-46F0-9E58-ED47030652BA}.Release|Any CPU.ActiveCfg = Release|Any CPU
		{2A8754DC-5B61-46F0-9E58-ED47030652BA}.Release|Any CPU.Build.0 = Release|Any CPU
	EndGlobalSection
	GlobalSection(SolutionProperties) = preSolution
		HideSolutionNode = FALSE
	EndGlobalSection
	GlobalSection(ExtensibilityGlobals) = postSolution
		SolutionGuid = {243597EE-5BBC-47D5-B5A9-6E21AEAAD5EE}
	EndGlobalSection
EndGlobal
